
Microsoft Visual Studio Solution File, Format Version 12.00
# Visual Studio Version 17
VisualStudioVersion = 17.7.34031.279
MinimumVisualStudioVersion = 10.0.40219.1
Project("{8BC9CEB8-8B4A-11D0-8D11-00A0C91BC942}") = "ProcessDispatch", "OS\OS.vcxproj", "{E1431215-1823-4430-B515-5DC177EF28B4}"
EndProject
Project("{FAE04EC0-301F-11D3-BF4B-00C04F79EFBC}") = "PageReplace", "PageReplace\PageReplace.csproj", "{3FA48D32-B0DC-48E8-B4DB-DD7AFD70A118}"
EndProject
Global
	GlobalSection(SolutionConfigurationPlatforms) = preSolution
		Debug|Any CPU = Debug|Any CPU
		Debug|x64 = Debug|x64
		Debug|x86 = Debug|x86
		Release|Any CPU = Release|Any CPU
		Release|x64 = Release|x64
		Release|x86 = Release|x86
	EndGlobalSection
	GlobalSection(ProjectConfigurationPlatforms) = postSolution
		{E1431215-1823-4430-B515-5DC177EF28B4}.Debug|Any CPU.ActiveCfg = Debug|x64
		{E1431215-1823-4430-B515-5DC177EF28B4}.Debug|Any CPU.Build.0 = Debug|x64
		{E1431215-1823-4430-B515-5DC177EF28B4}.Debug|x64.ActiveCfg = Debug|x64
		{E1431215-1823-4430-B515-5DC177EF28B4}.Debug|x64.Build.0 = Debug|x64
		{E1431215-1823-4430-B515-5DC177EF28B4}.Debug|x86.ActiveCfg = Debug|Win32
		{E1431215-1823-4430-B515-5DC177EF28B4}.Debug|x86.Build.0 = Debug|Win32
		{E1431215-1823-4430-B515-5DC177EF28B4}.Release|Any CPU.ActiveCfg = Release|x64
		{E1431215-1823-4430-B515-5DC177EF28B4}.Release|Any CPU.Build.0 = Release|x64
		{E1431215-1823-4430-B515-5DC177EF28B4}.Release|x64.ActiveCfg = Release|x64
		{E1431215-1823-4430-B515-5DC177EF28B4}.Release|x64.Build.0 = Release|x64
		{E1431215-1823-4430-B515-5DC177EF28B4}.Release|x86.ActiveCfg = Release|Win32
		{E1431215-1823-4430-B515-5DC177EF28B4}.Release|x86.Build.0 = Release|Win32
		{3FA48D32-B0DC-48E8-B4DB-DD7AFD70A118}.Debug|Any CPU.ActiveCfg = Debug|Any CPU
		{3FA48D32-B0DC-48E8-B4DB-DD7AFD70A118}.Debug|Any CPU.Build.0 = Debug|Any CPU
		{3FA48D32-B0DC-48E8-B4DB-DD7AFD70A118}.Debug|x64.ActiveCfg = Debug|Any CPU
		{3FA48D32-B0DC-48E8-B4DB-DD7AFD70A118}.Debug|x64.Build.0 = Debug|Any CPU
		{3FA48D32-B0DC-48E8-B4DB-DD7AFD70A118}.Debug|x86.ActiveCfg = Debug|Any CPU
		{3FA48D32-B0DC-48E8-B4DB-DD7AFD70A118}.Debug|x86.Build.0 = Debug|Any CPU
		{3FA48D32-B0DC-48E8-B4DB-DD7AFD70A118}.Release|Any CPU.ActiveCfg = Release|Any CPU
		{3FA48D32-B0DC-48E8-B4DB-DD7AFD70A118}.Release|Any CPU.Build.0 = Release|Any CPU
		{3FA48D32-B0DC-48E8-B4DB-DD7AFD70A118}.Release|x64.ActiveCfg = Release|Any CPU
		{3FA48D32-B0DC-48E8-B4DB-DD7AFD70A118}.Release|x64.Build.0 = Release|Any CPU
		{3FA48D32-B0DC-48E8-B4DB-DD7AFD70A118}.Release|x86.ActiveCfg = Release|Any CPU
		{3FA48D32-B0DC-48E8-B4DB-DD7AFD70A118}.Release|x86.Build.0 = Release|Any CPU
	EndGlobalSection
	GlobalSection(SolutionProperties) = preSolution
		HideSolutionNode = FALSE
	EndGlobalSection
	GlobalSection(ExtensibilityGlobals) = postSolution
		SolutionGuid = {65738A81-A975-4F9C-83DE-F9754F42B321}
	EndGlobalSection
EndGlobal
